// !$*UTF8*$!
{
	archiveVersion = 1;
	classes = {
	};
	objectVersion = 77;
	objects = {

/* Begin PBXBuildFile section */
		5E3EA0E42DA4048B00D0482E /* AppDelegate.swift in Sources */ = {isa = PBXBuildFile; fileRef = 5E3EA0DA2DA4048B00D0482E /* AppDelegate.swift */; };
		5E3EA0E52DA4048B00D0482E /* SceneDelegate.swift in Sources */ = {isa = PBXBuildFile; fileRef = 5E3EA0E12DA4048B00D0482E /* SceneDelegate.swift */; };
		5E3EA0E62DA4048B00D0482E /* SwipingViewController.swift in Sources */ = {isa = PBXBuildFile; fileRef = 5E3EA0E22DA4048B00D0482E /* SwipingViewController.swift */; };
		5E3EA0E72DA4048B00D0482E /* Assets.xcassets in Resources */ = {isa = PBXBuildFile; fileRef = 5E3EA0DB2DA4048B00D0482E /* Assets.xcassets */; };
		5E3EA0E92DA4048B00D0482E /* LaunchScreen.storyboard in Resources */ = {isa = PBXBuildFile; fileRef = 5E3EA0DE2DA4048B00D0482E /* LaunchScreen.storyboard */; };
		5E3EA0EA2DA4048B00D0482E /* Main.storyboard in Resources */ = {isa = PBXBuildFile; fileRef = 5E3EA0E02DA4048B00D0482E /* Main.storyboard */; };
		5E3EA0EC2DA404BC00D0482E /* CardView.swift in Sources */ = {isa = PBXBuildFile; fileRef = 5E3EA0EB2DA404BC00D0482E /* CardView.swift */; };
		5E3EA0EE2DA404D400D0482E /* Models.swift in Sources */ = {isa = PBXBuildFile; fileRef = 5E3EA0ED2DA404D400D0482E /* Models.swift */; };
		5EDB1A882DA981C6009F41D3 /* Extensions.swift in Sources */ = {isa = PBXBuildFile; fileRef = 5EDB1A872DA981C6009F41D3 /* Extensions.swift */; };
/* End PBXBuildFile section */

/* Begin PBXFileReference section */
		5E3EA0C22DA4047D00D0482E /* TinderSwiper.app */ = {isa = PBXFileReference; explicitFileType = wrapper.application; includeInIndex = 0; path = TinderSwiper.app; sourceTree = BUILT_PRODUCTS_DIR; };
		5E3EA0DA2DA4048B00D0482E /* AppDelegate.swift */ = {isa = PBXFileReference; lastKnownFileType = sourcecode.swift; path = AppDelegate.swift; sourceTree = "<group>"; };
		5E3EA0DB2DA4048B00D0482E /* Assets.xcassets */ = {isa = PBXFileReference; lastKnownFileType = folder.assetcatalog; path = Assets.xcassets; sourceTree = "<group>"; };
		5E3EA0DC2DA4048B00D0482E /* Info.plist */ = {isa = PBXFileReference; lastKnownFileType = text.plist.xml; path = Info.plist; sourceTree = "<group>"; };
		5E3EA0DD2DA4048B00D0482E /* Base */ = {isa = PBXFileReference; lastKnownFileType = file.storyboard; name = Base; path = Base.lproj/LaunchScreen.storyboard; sourceTree = "<group>"; };
		5E3EA0DF2DA4048B00D0482E /* Base */ = {isa = PBXFileReference; lastKnownFileType = file.storyboard; name = Base; path = Base.lproj/Main.storyboard; sourceTree = "<group>"; };
		5E3EA0E12DA4048B00D0482E /* SceneDelegate.swift */ = {isa = PBXFileReference; lastKnownFileType = sourcecode.swift; path = SceneDelegate.swift; sourceTree = "<group>"; };
		5E3EA0E22DA4048B00D0482E /* SwipingViewController.swift */ = {isa = PBXFileReference; lastKnownFileType = sourcecode.swift; path = SwipingViewController.swift; sourceTree = "<group>"; };
		5E3EA0EB2DA404BC00D0482E /* CardView.swift */ = {isa = PBXFileReference; lastKnownFileType = sourcecode.swift; path = CardView.swift; sourceTree = "<group>"; };
		5E3EA0ED2DA404D400D0482E /* Models.swift */ = {isa = PBXFileReference; lastKnownFileType = sourcecode.swift; path = Models.swift; sourceTree = "<group>"; };
		5EDB1A872DA981C6009F41D3 /* Extensions.swift */ = {isa = PBXFileReference; lastKnownFileType = sourcecode.swift; path = Extensions.swift; sourceTree = "<group>"; };
/* End PBXFileReference section */

/* Begin PBXFrameworksBuildPhase section */
		5E3EA0BF2DA4047D00D0482E /* Frameworks */ = {
			isa = PBXFrameworksBuildPhase;
			buildActionMask = 2147483647;
			files = (
			);
			runOnlyForDeploymentPostprocessing = 0;
		};
/* End PBXFrameworksBuildPhase section */

/* Begin PBXGroup section */
		5E3C7CA82DA9828D00A468AA /* Extensions */ = {
			isa = PBXGroup;
			children = (
				5EDB1A872DA981C6009F41D3 /* Extensions.swift */,
			);
			path = Extensions;
			sourceTree = "<group>";
		};
		5E3EA0B92DA4047D00D0482E = {
			isa = PBXGroup;
			children = (
				5E3EA0E32DA4048B00D0482E /* TinderSwiper */,
				5E3EA0C32DA4047D00D0482E /* Products */,
			);
			sourceTree = "<group>";
		};
		5E3EA0C32DA4047D00D0482E /* Products */ = {
			isa = PBXGroup;
			children = (
				5E3EA0C22DA4047D00D0482E /* TinderSwiper.app */,
			);
			name = Products;
			sourceTree = "<group>";
		};
		5E3EA0E32DA4048B00D0482E /* TinderSwiper */ = {
			isa = PBXGroup;
			children = (
				5EDB1A7F2DA97D56009F41D3 /* Delegates */,
				5EDB1A802DA97D5F009F41D3 /* Controllers */,
				5EDB1A812DA97D68009F41D3 /* Views */,
				5E3C7CA82DA9828D00A468AA /* Extensions */,
				5EDB1A822DA97D6F009F41D3 /* Models */,
				5E3EA0DB2DA4048B00D0482E /* Assets.xcassets */,
				5E3EA0DC2DA4048B00D0482E /* Info.plist */,
				5E3EA0DE2DA4048B00D0482E /* LaunchScreen.storyboard */,
				5E3EA0E02DA4048B00D0482E /* Main.storyboard */,
			);
			path = TinderSwiper;
			sourceTree = "<group>";
		};
		5EDB1A7F2DA97D56009F41D3 /* Delegates */ = {
			isa = PBXGroup;
			children = (
				5E3EA0DA2DA4048B00D0482E /* AppDelegate.swift */,
				5E3EA0E12DA4048B00D0482E /* SceneDelegate.swift */,
			);
			path = Delegates;
			sourceTree = "<group>";
		};
		5EDB1A802DA97D5F009F41D3 /* Controllers */ = {
			isa = PBXGroup;
			children = (
				5E3EA0E22DA4048B00D0482E /* SwipingViewController.swift */,
			);
			path = Controllers;
			sourceTree = "<group>";
		};
		5EDB1A812DA97D68009F41D3 /* Views */ = {
			isa = PBXGroup;
			children = (
				5E3EA0EB2DA404BC00D0482E /* CardView.swift */,
			);
			path = Views;
			sourceTree = "<group>";
		};
		5EDB1A822DA97D6F009F41D3 /* Models */ = {
			isa = PBXGroup;
			children = (
				5E3EA0ED2DA404D400D0482E /* Models.swift */,
			);
			path = Models;
			sourceTree = "<group>";
		};
/* End PBXGroup section */

/* Begin PBXNativeTarget section */
		5E3EA0C12DA4047D00D0482E /* TinderSwiper */ = {
			isa = PBXNativeTarget;
			buildConfigurationList = 5E3EA0D52DA4047F00D0482E /* Build configuration list for PBXNativeTarget "TinderSwiper" */;
			buildPhases = (
				5E3EA0BE2DA4047D00D0482E /* Sources */,
				5E3EA0BF2DA4047D00D0482E /* Frameworks */,
				5E3EA0C02DA4047D00D0482E /* Resources */,
			);
			buildRules = (
			);
			dependencies = (
			);
			name = TinderSwiper;
			packageProductDependencies = (
			);
			productName = TinderSwiper;
			productReference = 5E3EA0C22DA4047D00D0482E /* TinderSwiper.app */;
			productType = "com.apple.product-type.application";
		};
/* End PBXNativeTarget section */

/* Begin PBXProject section */
		5E3EA0BA2DA4047D00D0482E /* Project object */ = {
			isa = PBXProject;
			attributes = {
				BuildIndependentTargetsInParallel = 1;
				LastSwiftUpdateCheck = 1630;
				LastUpgradeCheck = 1630;
				TargetAttributes = {
					5E3EA0C12DA4047D00D0482E = {
						CreatedOnToolsVersion = 16.3;
					};
				};
			};
			buildConfigurationList = 5E3EA0BD2DA4047D00D0482E /* Build configuration list for PBXProject "TinderSwiper" */;
			developmentRegion = en;
			hasScannedForEncodings = 0;
			knownRegions = (
				en,
				Base,
			);
			mainGroup = 5E3EA0B92DA4047D00D0482E;
			minimizedProjectReferenceProxies = 1;
			preferredProjectObjectVersion = 77;
			productRefGroup = 5E3EA0C32DA4047D00D0482E /* Products */;
			projectDirPath = "";
			projectRoot = "";
			targets = (
				5E3EA0C12DA4047D00D0482E /* TinderSwiper */,
			);
		};
/* End PBXProject section */

/* Begin PBXResourcesBuildPhase section */
		5E3EA0C02DA4047D00D0482E /* Resources */ = {
			isa = PBXResourcesBuildPhase;
			buildActionMask = 2147483647;
			files = (
				5E3EA0E72DA4048B00D0482E /* Assets.xcassets in Resources */,
				5E3EA0E92DA4048B00D0482E /* LaunchScreen.storyboard in Resources */,
				5E3EA0EA2DA4048B00D0482E /* Main.storyboard in Resources */,
			);
			runOnlyForDeploymentPostprocessing = 0;
		};
/* End PBXResourcesBuildPhase section */

/* Begin PBXSourcesBuildPhase section */
		5E3EA0BE2DA4047D00D0482E /* Sources */ = {
			isa = PBXSourcesBuildPhase;
			buildActionMask = 2147483647;
			files = (
				5E3EA0E42DA4048B00D0482E /* AppDelegate.swift in Sources */,
				5EDB1A882DA981C6009F41D3 /* Extensions.swift in Sources */,
				5E3EA0E52DA4048B00D0482E /* SceneDelegate.swift in Sources */,
				5E3EA0EC2DA404BC00D0482E /* CardView.swift in Sources */,
				5E3EA0E62DA4048B00D0482E /* SwipingViewController.swift in Sources */,
				5E3EA0EE2DA404D400D0482E /* Models.swift in Sources */,
			);
			runOnlyForDeploymentPostprocessing = 0;
		};
/* End PBXSourcesBuildPhase section */

/* Begin PBXVariantGroup section */
		5E3EA0DE2DA4048B00D0482E /* LaunchScreen.storyboard */ = {
			isa = PBXVariantGroup;
			children = (
				5E3EA0DD2DA4048B00D0482E /* Base */,
			);
			name = LaunchScreen.storyboard;
			sourceTree = "<group>";
		};
		5E3EA0E02DA4048B00D0482E /* Main.storyboard */ = {
			isa = PBXVariantGroup;
			children = (
				5E3EA0DF2DA4048B00D0482E /* Base */,
			);
			name = Main.storyboard;
			sourceTree = "<group>";
		};
/* End PBXVariantGroup section */

/* Begin XCBuildConfiguration section */
		5E3EA0D62DA4047F00D0482E /* Debug */ = {
			isa = XCBuildConfiguration;
			buildSettings = {
				ASSETCATALOG_COMPILER_APPICON_NAME = AppIcon;
				ASSETCATALOG_COMPILER_GLOBAL_ACCENT_COLOR_NAME = AccentColor;
				CODE_SIGN_STYLE = Automatic;
				CURRENT_PROJECT_VERSION = 1;
				DEVELOPMENT_TEAM = 86Z976V88Y;
				GENERATE_INFOPLIST_FILE = YES;
				INFOPLIST_FILE = TinderSwiper/Info.plist;
				INFOPLIST_KEY_UIApplicationSupportsIndirectInputEvents = YES;
				INFOPLIST_KEY_UILaunchStoryboardName = LaunchScreen;
				INFOPLIST_KEY_UIMainStoryboardFile = Main;
				INFOPLIST_KEY_UISupportedInterfaceOrientations = UIInterfaceOrientationPortrait;
				IPHONEOS_DEPLOYMENT_TARGET = 18.0;
				LD_RUNPATH_SEARCH_PATHS = (
					"$(inherited)",
					"@executable_path/Frameworks",
				);
				MARKETING_VERSION = 1.0;
				PRODUCT_BUNDLE_IDENTIFIER = com.touchopia.TinderSwiper;
				PRODUCT_NAME = "$(TARGET_NAME)";
				SWIFT_EMIT_LOC_STRINGS = YES;
				SWIFT_VERSION = 5.0;
				TARGETED_DEVICE_FAMILY = "1,2";
			};
			name = Debug;
		};
		5E3EA0D72DA4047F00D0482E /* Release */ = {
			isa = XCBuildConfiguration;
			buildSettings = {
				ASSETCATALOG_COMPILER_APPICON_NAME = AppIcon;
				ASSETCATALOG_COMPILER_GLOBAL_ACCENT_COLOR_NAME = AccentColor;
				CODE_SIGN_STYLE = Automatic;
				CURRENT_PROJECT_VERSION = 1;
				DEVELOPMENT_TEAM = 86Z976V88Y;
				GENERATE_INFOPLIST_FILE = YES;
				INFOPLIST_FILE = TinderSwiper/Info.plist;
				INFOPLIST_KEY_UIApplicationSupportsIndirectInputEvents = YES;
				INFOPLIST_KEY_UILaunchStoryboardName = LaunchScreen;
				INFOPLIST_KEY_UIMainStoryboardFile = Main;
				INFOPLIST_KEY_UISupportedInterfaceOrientations = UIInterfaceOrientationPortrait;
				IPHONEOS_DEPLOYMENT_TARGET = 18.0;
				LD_RUNPATH_SEARCH_PATHS = (
					"$(inherited)",
					"@executable_path/Frameworks",
				);
				MARKETING_VERSION = 1.0;
				PRODUCT_BUNDLE_IDENTIFIER = com.touchopia.TinderSwiper;
				PRODUCT_NAME = "$(TARGET_NAME)";
				SWIFT_EMIT_LOC_STRINGS = YES;
				SWIFT_VERSION = 5.0;
				TARGETED_DEVICE_FAMILY = "1,2";
			};
			name = Release;
		};
		5E3EA0D82DA4047F00D0482E /* Debug */ = {
			isa = XCBuildConfiguration;
			buildSettings = {
				ALWAYS_SEARCH_USER_PATHS = NO;
				ASSETCATALOG_COMPILER_GENERATE_SWIFT_ASSET_SYMBOL_EXTENSIONS = YES;
				CLANG_ANALYZER_NONNULL = YES;
				CLANG_ANALYZER_NUMBER_OBJECT_CONVERSION = YES_AGGRESSIVE;
				CLANG_CXX_LANGUAGE_STANDARD = "gnu++20";
				CLANG_ENABLE_MODULES = YES;
				CLANG_ENABLE_OBJC_ARC = YES;
				CLANG_ENABLE_OBJC_WEAK = YES;
				CLANG_WARN_BLOCK_CAPTURE_AUTORELEASING = YES;
				CLANG_WARN_BOOL_CONVERSION = YES;
				CLANG_WARN_COMMA = YES;
				CLANG_WARN_CONSTANT_CONVERSION = YES;
				CLANG_WARN_DEPRECATED_OBJC_IMPLEMENTATIONS = YES;
				CLANG_WARN_DIRECT_OBJC_ISA_USAGE = YES_ERROR;
				CLANG_WARN_DOCUMENTATION_COMMENTS = YES;
				CLANG_WARN_EMPTY_BODY = YES;
				CLANG_WARN_ENUM_CONVERSION = YES;
				CLANG_WARN_INFINITE_RECURSION = YES;
				CLANG_WARN_INT_CONVERSION = YES;
				CLANG_WARN_NON_LITERAL_NULL_CONVERSION = YES;
				CLANG_WARN_OBJC_IMPLICIT_RETAIN_SELF = YES;
				CLANG_WARN_OBJC_LITERAL_CONVERSION = YES;
				CLANG_WARN_OBJC_ROOT_CLASS = YES_ERROR;
				CLANG_WARN_QUOTED_INCLUDE_IN_FRAMEWORK_HEADER = YES;
				CLANG_WARN_RANGE_LOOP_ANALYSIS = YES;
				CLANG_WARN_STRICT_PROTOTYPES = YES;
				CLANG_WARN_SUSPICIOUS_MOVE = YES;
				CLANG_WARN_UNGUARDED_AVAILABILITY = YES_AGGRESSIVE;
				CLANG_WARN_UNREACHABLE_CODE = YES;
				CLANG_WARN__DUPLICATE_METHOD_MATCH = YES;
				COPY_PHASE_STRIP = NO;
				DEBUG_INFORMATION_FORMAT = dwarf;
				DEVELOPMENT_TEAM = 86Z976V88Y;
				ENABLE_STRICT_OBJC_MSGSEND = YES;
				ENABLE_TESTABILITY = YES;
				ENABLE_USER_SCRIPT_SANDBOXING = YES;
				GCC_C_LANGUAGE_STANDARD = gnu17;
				GCC_DYNAMIC_NO_PIC = NO;
				GCC_NO_COMMON_BLOCKS = YES;
				GCC_OPTIMIZATION_LEVEL = 0;
				GCC_PREPROCESSOR_DEFINITIONS = (
					"DEBUG=1",
					"$(inherited)",
				);
				GCC_WARN_64_TO_32_BIT_CONVERSION = YES;
				GCC_WARN_ABOUT_RETURN_TYPE = YES_ERROR;
				GCC_WARN_UNDECLARED_SELECTOR = YES;
				GCC_WARN_UNINITIALIZED_AUTOS = YES_AGGRESSIVE;
				GCC_WARN_UNUSED_FUNCTION = YES;
				GCC_WARN_UNUSED_VARIABLE = YES;
				IPHONEOS_DEPLOYMENT_TARGET = 18.4;
				LOCALIZATION_PREFERS_STRING_CATALOGS = YES;
				MTL_ENABLE_DEBUG_INFO = INCLUDE_SOURCE;
				MTL_FAST_MATH = YES;
				ONLY_ACTIVE_ARCH = YES;
				SDKROOT = iphoneos;
				SWIFT_ACTIVE_COMPILATION_CONDITIONS = "DEBUG $(inherited)";
				SWIFT_OPTIMIZATION_LEVEL = "-Onone";
			};
			name = Debug;
		};
		5E3EA0D92DA4047F00D0482E /* Release */ = {
			isa = XCBuildConfiguration;
			buildSettings = {
				ALWAYS_SEARCH_USER_PATHS = NO;
				ASSETCATALOG_COMPILER_GENERATE_SWIFT_ASSET_SYMBOL_EXTENSIONS = YES;
				CLANG_ANALYZER_NONNULL = YES;
				CLANG_ANALYZER_NUMBER_OBJECT_CONVERSION = YES_AGGRESSIVE;
				CLANG_CXX_LANGUAGE_STANDARD = "gnu++20";
				CLANG_ENABLE_MODULES = YES;
				CLANG_ENABLE_OBJC_ARC = YES;
				CLANG_ENABLE_OBJC_WEAK = YES;
				CLANG_WARN_BLOCK_CAPTURE_AUTORELEASING = YES;
				CLANG_WARN_BOOL_CONVERSION = YES;
				CLANG_WARN_COMMA = YES;
				CLANG_WARN_CONSTANT_CONVERSION = YES;
				CLANG_WARN_DEPRECATED_OBJC_IMPLEMENTATIONS = YES;
				CLANG_WARN_DIRECT_OBJC_ISA_USAGE = YES_ERROR;
				CLANG_WARN_DOCUMENTATION_COMMENTS = YES;
				CLANG_WARN_EMPTY_BODY = YES;
				CLANG_WARN_ENUM_CONVERSION = YES;
				CLANG_WARN_INFINITE_RECURSION = YES;
				CLANG_WARN_INT_CONVERSION = YES;
				CLANG_WARN_NON_LITERAL_NULL_CONVERSION = YES;
				CLANG_WARN_OBJC_IMPLICIT_RETAIN_SELF = YES;
				CLANG_WARN_OBJC_LITERAL_CONVERSION = YES;
				CLANG_WARN_OBJC_ROOT_CLASS = YES_ERROR;
				CLANG_WARN_QUOTED_INCLUDE_IN_FRAMEWORK_HEADER = YES;
				CLANG_WARN_RANGE_LOOP_ANALYSIS = YES;
				CLANG_WARN_STRICT_PROTOTYPES = YES;
				CLANG_WARN_SUSPICIOUS_MOVE = YES;
				CLANG_WARN_UNGUARDED_AVAILABILITY = YES_AGGRESSIVE;
				CLANG_WARN_UNREACHABLE_CODE = YES;
				CLANG_WARN__DUPLICATE_METHOD_MATCH = YES;
				COPY_PHASE_STRIP = NO;
				DEBUG_INFORMATION_FORMAT = "dwarf-with-dsym";
				DEVELOPMENT_TEAM = 86Z976V88Y;
				ENABLE_NS_ASSERTIONS = NO;
				ENABLE_STRICT_OBJC_MSGSEND = YES;
				ENABLE_USER_SCRIPT_SANDBOXING = YES;
				GCC_C_LANGUAGE_STANDARD = gnu17;
				GCC_NO_COMMON_BLOCKS = YES;
				GCC_WARN_64_TO_32_BIT_CONVERSION = YES;
				GCC_WARN_ABOUT_RETURN_TYPE = YES_ERROR;
				GCC_WARN_UNDECLARED_SELECTOR = YES;
				GCC_WARN_UNINITIALIZED_AUTOS = YES_AGGRESSIVE;
				GCC_WARN_UNUSED_FUNCTION = YES;
				GCC_WARN_UNUSED_VARIABLE = YES;
				IPHONEOS_DEPLOYMENT_TARGET = 18.4;
				LOCALIZATION_PREFERS_STRING_CATALOGS = YES;
				MTL_ENABLE_DEBUG_INFO = NO;
				MTL_FAST_MATH = YES;
				SDKROOT = iphoneos;
				SWIFT_COMPILATION_MODE = wholemodule;
				VALIDATE_PRODUCT = YES;
			};
			name = Release;
		};
/* End XCBuildConfiguration section */

/* Begin XCConfigurationList section */
		5E3EA0BD2DA4047D00D0482E /* Build configuration list for PBXProject "TinderSwiper" */ = {
			isa = XCConfigurationList;
			buildConfigurations = (
				5E3EA0D82DA4047F00D0482E /* Debug */,
				5E3EA0D92DA4047F00D0482E /* Release */,
			);
			defaultConfigurationIsVisible = 0;
			defaultConfigurationName = Release;
		};
		5E3EA0D52DA4047F00D0482E /* Build configuration list for PBXNativeTarget "TinderSwiper" */ = {
			isa = XCConfigurationList;
			buildConfigurations = (
				5E3EA0D62DA4047F00D0482E /* Debug */,
				5E3EA0D72DA4047F00D0482E /* Release */,
			);
			defaultConfigurationIsVisible = 0;
			defaultConfigurationName = Release;
		};
/* End XCConfigurationList section */
	};
	rootObject = 5E3EA0BA2DA4047D00D0482E /* Project object */;
}
